
Microsoft Visual Studio Solution File, Format Version 12.00
# Visual Studio Version 17
VisualStudioVersion = 17.0.32014.148
MinimumVisualStudioVersion = 10.0.40219.1
Project("{FAE04EC0-301F-11D3-BF4B-00C04F79EFBC}") = "RedHenAPI", "RedHenAPI.csproj", "{AC2AD095-2D4D-4D67-9201-51685E369D13}"
EndProject
Global
	GlobalSection(SolutionConfigurationPlatforms) = preSolution
		Debug|Any CPU = Debug|Any CPU
		Release|Any CPU = Release|Any CPU
	EndGlobalSection
	GlobalSection(ProjectConfigurationPlatforms) = postSolution
		{AC2AD095-2D4D-4D67-9201-51685E369D13}.Debug|Any CPU.ActiveCfg = Debug|Any CPU
		{AC2AD095-2D4D-4D67-9201-51685E369D13}.Debug|Any CPU.Build.0 = Debug|Any CPU
		{AC2AD095-2D4D-4D67-9201-51685E369D13}.Release|Any CPU.ActiveCfg = Release|Any CPU
		{AC2AD095-2D4D-4D67-9201-51685E369D13}.Release|Any CPU.Build.0 = Release|Any CPU
	EndGlobalSection
	GlobalSection(SolutionProperties) = preSolution
		HideSolutionNode = FALSE
	EndGlobalSection
	GlobalSection(ExtensibilityGlobals) = postSolution
		SolutionGuid = {021138D6-197D-484B-B8A3-FD73AE1BCB03}
	EndGlobalSection
EndGlobal
